
Microsoft Visual Studio Solution File, Format Version 12.00
# Visual Studio 2012
Project("{FAE04EC0-301F-11D3-BF4B-00C04F79EFBC}") = "WIN.SCHEDULING_APPLICATION.DOMAIN", "WIN.SCHEDULING_APPLICATION.DOMAIN\WIN.SCHEDULING_APPLICATION.DOMAIN.csproj", "{63A3A974-E03B-4792-977A-013E13850A94}"
EndProject
Project("{F184B08F-C81C-45F6-A57F-5ABD9991F28F}") = "WIN.SCHEDULING_APPLICATION.PERSISTENCE", "WIN.SCHEDULING_APPLICATION.PERSISTENCE\WIN.SCHEDULING_APPLICATION.PERSISTENCE.vbproj", "{226D1D58-A453-48DE-889F-12E4441ADA5C}"
EndProject
Project("{FAE04EC0-301F-11D3-BF4B-00C04F79EFBC}") = "WIN.SCHEDULING_APPLICATION.HANDLERS", "WIN.SCHEDULING_APPLICATION.HANDLERS\WIN.SCHEDULING_APPLICATION.HANDLERS.csproj", "{B1BD2703-94C8-4BCF-B7BB-040FF73A5569}"
EndProject
Project("{FAE04EC0-301F-11D3-BF4B-00C04F79EFBC}") = "WIN.SCHEDULING_APPLICATION", "WIN.SCHEDULING_APPLICATION.GUI\WIN.SCHEDULING_APPLICATION.csproj", "{B376BDB8-0444-4246-979F-054FF7791317}"
EndProject
Project("{FAE04EC0-301F-11D3-BF4B-00C04F79EFBC}") = "WIN.FENEAL_NAZIONALE.IMPORT_IMPEGNI", "WIN.FENEAL_NAZIONALE.IMPORT_IMPEGNI\WIN.FENEAL_NAZIONALE.IMPORT_IMPEGNI.csproj", "{781C217D-F2BC-4695-8D4B-A09173E889D8}"
EndProject
Global
	GlobalSection(SolutionConfigurationPlatforms) = preSolution
		Debug|Any CPU = Debug|Any CPU
		Release|Any CPU = Release|Any CPU
	EndGlobalSection
	GlobalSection(ProjectConfigurationPlatforms) = postSolution
		{63A3A974-E03B-4792-977A-013E13850A94}.Debug|Any CPU.ActiveCfg = Debug|Any CPU
		{63A3A974-E03B-4792-977A-013E13850A94}.Debug|Any CPU.Build.0 = Debug|Any CPU
		{63A3A974-E03B-4792-977A-013E13850A94}.Release|Any CPU.ActiveCfg = Release|Any CPU
		{63A3A974-E03B-4792-977A-013E13850A94}.Release|Any CPU.Build.0 = Release|Any CPU
		{226D1D58-A453-48DE-889F-12E4441ADA5C}.Debug|Any CPU.ActiveCfg = Debug|Any CPU
		{226D1D58-A453-48DE-889F-12E4441ADA5C}.Debug|Any CPU.Build.0 = Debug|Any CPU
		{226D1D58-A453-48DE-889F-12E4441ADA5C}.Release|Any CPU.ActiveCfg = Release|Any CPU
		{226D1D58-A453-48DE-889F-12E4441ADA5C}.Release|Any CPU.Build.0 = Release|Any CPU
		{B1BD2703-94C8-4BCF-B7BB-040FF73A5569}.Debug|Any CPU.ActiveCfg = Debug|Any CPU
		{B1BD2703-94C8-4BCF-B7BB-040FF73A5569}.Debug|Any CPU.Build.0 = Debug|Any CPU
		{B1BD2703-94C8-4BCF-B7BB-040FF73A5569}.Release|Any CPU.ActiveCfg = Release|Any CPU
		{B1BD2703-94C8-4BCF-B7BB-040FF73A5569}.Release|Any CPU.Build.0 = Release|Any CPU
		{B376BDB8-0444-4246-979F-054FF7791317}.Debug|Any CPU.ActiveCfg = Debug|Any CPU
		{B376BDB8-0444-4246-979F-054FF7791317}.Debug|Any CPU.Build.0 = Debug|Any CPU
		{B376BDB8-0444-4246-979F-054FF7791317}.Release|Any CPU.ActiveCfg = Release|Any CPU
		{B376BDB8-0444-4246-979F-054FF7791317}.Release|Any CPU.Build.0 = Release|Any CPU
		{781C217D-F2BC-4695-8D4B-A09173E889D8}.Debug|Any CPU.ActiveCfg = Debug|Any CPU
		{781C217D-F2BC-4695-8D4B-A09173E889D8}.Debug|Any CPU.Build.0 = Debug|Any CPU
		{781C217D-F2BC-4695-8D4B-A09173E889D8}.Release|Any CPU.ActiveCfg = Release|Any CPU
		{781C217D-F2BC-4695-8D4B-A09173E889D8}.Release|Any CPU.Build.0 = Release|Any CPU
	EndGlobalSection
	GlobalSection(SolutionProperties) = preSolution
		HideSolutionNode = FALSE
	EndGlobalSection
EndGlobal
